// !$*UTF8*$!
{
	archiveVersion = 1;
	classes = {
	};
	objectVersion = 50;
	objects = {

/* Begin PBXBuildFile section */
		CF02A0DB2215DC9100215085 /* CGImagePropertyOrientation+UIImageOrientation.swift in Sources */ = {isa = PBXBuildFile; fileRef = CF02A0DA2215DC9100215085 /* CGImagePropertyOrientation+UIImageOrientation.swift */; };
		CF02A0DD2215DCC600215085 /* MobileNet.mlmodel in Sources */ = {isa = PBXBuildFile; fileRef = CF02A0DC2215DCC600215085 /* MobileNet.mlmodel */; };
		CF237A912209FC6900C67465 /* AppDelegate.swift in Sources */ = {isa = PBXBuildFile; fileRef = CF237A902209FC6900C67465 /* AppDelegate.swift */; };
		CF237A932209FC6900C67465 /* ViewController.swift in Sources */ = {isa = PBXBuildFile; fileRef = CF237A922209FC6900C67465 /* ViewController.swift */; };
		CF237A962209FC6900C67465 /* Main.storyboard in Resources */ = {isa = PBXBuildFile; fileRef = CF237A942209FC6900C67465 /* Main.storyboard */; };
		CF237A982209FC6B00C67465 /* Assets.xcassets in Resources */ = {isa = PBXBuildFile; fileRef = CF237A972209FC6B00C67465 /* Assets.xcassets */; };
		CF237A9B2209FC6B00C67465 /* LaunchScreen.storyboard in Resources */ = {isa = PBXBuildFile; fileRef = CF237A992209FC6B00C67465 /* LaunchScreen.storyboard */; };
		CF7464B72217099C00D4E2D8 /* UIImageLoad.swift in Sources */ = {isa = PBXBuildFile; fileRef = CF7464B62217099C00D4E2D8 /* UIImageLoad.swift */; };
		CF959564221319CB00203536 /* ResultViewController.swift in Sources */ = {isa = PBXBuildFile; fileRef = CF959563221319CB00203536 /* ResultViewController.swift */; };
		D0710DF7D592F4345A738CDC /* Pods_StudyEnglishByImage.framework in Frameworks */ = {isa = PBXBuildFile; fileRef = 79939DFFB0BC95B228B762DE /* Pods_StudyEnglishByImage.framework */; };
/* End PBXBuildFile section */

/* Begin PBXFileReference section */
		105FE6814950472C030EC185 /* Pods-StudyEnglishByImage.release.xcconfig */ = {isa = PBXFileReference; includeInIndex = 1; lastKnownFileType = text.xcconfig; name = "Pods-StudyEnglishByImage.release.xcconfig"; path = "Pods/Target Support Files/Pods-StudyEnglishByImage/Pods-StudyEnglishByImage.release.xcconfig"; sourceTree = "<group>"; };
		360476E7636C10505057CAFC /* Pods-StudyEnglishByImage.debug.xcconfig */ = {isa = PBXFileReference; includeInIndex = 1; lastKnownFileType = text.xcconfig; name = "Pods-StudyEnglishByImage.debug.xcconfig"; path = "Pods/Target Support Files/Pods-StudyEnglishByImage/Pods-StudyEnglishByImage.debug.xcconfig"; sourceTree = "<group>"; };
		79939DFFB0BC95B228B762DE /* Pods_StudyEnglishByImage.framework */ = {isa = PBXFileReference; explicitFileType = wrapper.framework; includeInIndex = 0; path = Pods_StudyEnglishByImage.framework; sourceTree = BUILT_PRODUCTS_DIR; };
		CF02A0DA2215DC9100215085 /* CGImagePropertyOrientation+UIImageOrientation.swift */ = {isa = PBXFileReference; fileEncoding = 4; lastKnownFileType = sourcecode.swift; path = "CGImagePropertyOrientation+UIImageOrientation.swift"; sourceTree = "<group>"; };
		CF02A0DC2215DCC600215085 /* MobileNet.mlmodel */ = {isa = PBXFileReference; lastKnownFileType = file.mlmodel; path = MobileNet.mlmodel; sourceTree = "<group>"; };
		CF237A8D2209FC6900C67465 /* StudyEnglishByImage.app */ = {isa = PBXFileReference; explicitFileType = wrapper.application; includeInIndex = 0; path = StudyEnglishByImage.app; sourceTree = BUILT_PRODUCTS_DIR; };
		CF237A902209FC6900C67465 /* AppDelegate.swift */ = {isa = PBXFileReference; lastKnownFileType = sourcecode.swift; path = AppDelegate.swift; sourceTree = "<group>"; };
		CF237A922209FC6900C67465 /* ViewController.swift */ = {isa = PBXFileReference; lastKnownFileType = sourcecode.swift; path = ViewController.swift; sourceTree = "<group>"; };
		CF237A952209FC6900C67465 /* Base */ = {isa = PBXFileReference; lastKnownFileType = file.storyboard; name = Base; path = Base.lproj/Main.storyboard; sourceTree = "<group>"; };
		CF237A972209FC6B00C67465 /* Assets.xcassets */ = {isa = PBXFileReference; lastKnownFileType = folder.assetcatalog; path = Assets.xcassets; sourceTree = "<group>"; };
		CF237A9A2209FC6B00C67465 /* Base */ = {isa = PBXFileReference; lastKnownFileType = file.storyboard; name = Base; path = Base.lproj/LaunchScreen.storyboard; sourceTree = "<group>"; };
		CF237A9C2209FC6B00C67465 /* Info.plist */ = {isa = PBXFileReference; lastKnownFileType = text.plist.xml; path = Info.plist; sourceTree = "<group>"; };
		CF7464B62217099C00D4E2D8 /* UIImageLoad.swift */ = {isa = PBXFileReference; lastKnownFileType = sourcecode.swift; path = UIImageLoad.swift; sourceTree = "<group>"; };
		CF959563221319CB00203536 /* ResultViewController.swift */ = {isa = PBXFileReference; lastKnownFileType = sourcecode.swift; path = ResultViewController.swift; sourceTree = "<group>"; };
/* End PBXFileReference section */

/* Begin PBXFrameworksBuildPhase section */
		CF237A8A2209FC6900C67465 /* Frameworks */ = {
			isa = PBXFrameworksBuildPhase;
			buildActionMask = 2147483647;
			files = (
				D0710DF7D592F4345A738CDC /* Pods_StudyEnglishByImage.framework in Frameworks */,
			);
			runOnlyForDeploymentPostprocessing = 0;
		};
/* End PBXFrameworksBuildPhase section */

/* Begin PBXGroup section */
		014A21CFFFAEAE30F33CFCA5 /* Frameworks */ = {
			isa = PBXGroup;
			children = (
				79939DFFB0BC95B228B762DE /* Pods_StudyEnglishByImage.framework */,
			);
			name = Frameworks;
			sourceTree = "<group>";
		};
		CF1AF3B1220B3D5E00F0D8D1 /* Extension */ = {
			isa = PBXGroup;
			children = (
				CF02A0DA2215DC9100215085 /* CGImagePropertyOrientation+UIImageOrientation.swift */,
				CF7464B62217099C00D4E2D8 /* UIImageLoad.swift */,
			);
			path = Extension;
			sourceTree = "<group>";
		};
		CF237A842209FC6900C67465 = {
			isa = PBXGroup;
			children = (
				CF237A8F2209FC6900C67465 /* StudyEnglishByImage */,
				CF237A8E2209FC6900C67465 /* Products */,
				E0B1BC80D19BD589EEDB686B /* Pods */,
				014A21CFFFAEAE30F33CFCA5 /* Frameworks */,
			);
			sourceTree = "<group>";
		};
		CF237A8E2209FC6900C67465 /* Products */ = {
			isa = PBXGroup;
			children = (
				CF237A8D2209FC6900C67465 /* StudyEnglishByImage.app */,
			);
			name = Products;
			sourceTree = "<group>";
		};
		CF237A8F2209FC6900C67465 /* StudyEnglishByImage */ = {
			isa = PBXGroup;
			children = (
				CF237A902209FC6900C67465 /* AppDelegate.swift */,
				CF9595622213199300203536 /* Views */,
				CF9595612213193600203536 /* Controllers */,
				CF1AF3B1220B3D5E00F0D8D1 /* Extension */,
				CF02A0DC2215DCC600215085 /* MobileNet.mlmodel */,
				CF237A972209FC6B00C67465 /* Assets.xcassets */,
				CF237A9C2209FC6B00C67465 /* Info.plist */,
			);
			path = StudyEnglishByImage;
			sourceTree = "<group>";
		};
		CF9595612213193600203536 /* Controllers */ = {
			isa = PBXGroup;
			children = (
				CF237A922209FC6900C67465 /* ViewController.swift */,
				CF959563221319CB00203536 /* ResultViewController.swift */,
			);
			path = Controllers;
			sourceTree = "<group>";
		};
		CF9595622213199300203536 /* Views */ = {
			isa = PBXGroup;
			children = (
				CF237A942209FC6900C67465 /* Main.storyboard */,
				CF237A992209FC6B00C67465 /* LaunchScreen.storyboard */,
			);
			path = Views;
			sourceTree = "<group>";
		};
		E0B1BC80D19BD589EEDB686B /* Pods */ = {
			isa = PBXGroup;
			children = (
				360476E7636C10505057CAFC /* Pods-StudyEnglishByImage.debug.xcconfig */,
				105FE6814950472C030EC185 /* Pods-StudyEnglishByImage.release.xcconfig */,
			);
			name = Pods;
			sourceTree = "<group>";
		};
/* End PBXGroup section */

/* Begin PBXNativeTarget section */
		CF237A8C2209FC6900C67465 /* StudyEnglishByImage */ = {
			isa = PBXNativeTarget;
			buildConfigurationList = CF237A9F2209FC6B00C67465 /* Build configuration list for PBXNativeTarget "StudyEnglishByImage" */;
			buildPhases = (
				094E813AF96816FECA856948 /* [CP] Check Pods Manifest.lock */,
				CF237A892209FC6900C67465 /* Sources */,
				CF237A8A2209FC6900C67465 /* Frameworks */,
				CF237A8B2209FC6900C67465 /* Resources */,
				23A0DD4C9765F1FDFC7F6E52 /* [CP] Embed Pods Frameworks */,
				FABF91AB86769C201FF1F051 /* [CP] Copy Pods Resources */,
			);
			buildRules = (
			);
			dependencies = (
			);
			name = StudyEnglishByImage;
			productName = StudyEnglishByImage;
			productReference = CF237A8D2209FC6900C67465 /* StudyEnglishByImage.app */;
			productType = "com.apple.product-type.application";
		};
/* End PBXNativeTarget section */

/* Begin PBXProject section */
		CF237A852209FC6900C67465 /* Project object */ = {
			isa = PBXProject;
			attributes = {
				LastSwiftUpdateCheck = 1010;
				LastUpgradeCheck = 1010;
				ORGANIZATIONNAME = "Nguyen Duc Tai";
				TargetAttributes = {
					CF237A8C2209FC6900C67465 = {
						CreatedOnToolsVersion = 10.1;
					};
				};
			};
			buildConfigurationList = CF237A882209FC6900C67465 /* Build configuration list for PBXProject "StudyEnglishByImage" */;
			compatibilityVersion = "Xcode 9.3";
			developmentRegion = en;
			hasScannedForEncodings = 0;
			knownRegions = (
				en,
				Base,
			);
			mainGroup = CF237A842209FC6900C67465;
			productRefGroup = CF237A8E2209FC6900C67465 /* Products */;
			projectDirPath = "";
			projectRoot = "";
			targets = (
				CF237A8C2209FC6900C67465 /* StudyEnglishByImage */,
			);
		};
/* End PBXProject section */

/* Begin PBXResourcesBuildPhase section */
		CF237A8B2209FC6900C67465 /* Resources */ = {
			isa = PBXResourcesBuildPhase;
			buildActionMask = 2147483647;
			files = (
				CF237A9B2209FC6B00C67465 /* LaunchScreen.storyboard in Resources */,
				CF237A982209FC6B00C67465 /* Assets.xcassets in Resources */,
				CF237A962209FC6900C67465 /* Main.storyboard in Resources */,
			);
			runOnlyForDeploymentPostprocessing = 0;
		};
/* End PBXResourcesBuildPhase section */

/* Begin PBXShellScriptBuildPhase section */
		094E813AF96816FECA856948 /* [CP] Check Pods Manifest.lock */ = {
			isa = PBXShellScriptBuildPhase;
			buildActionMask = 2147483647;
			files = (
			);
			inputPaths = (
				"${PODS_PODFILE_DIR_PATH}/Podfile.lock",
				"${PODS_ROOT}/Manifest.lock",
			);
			name = "[CP] Check Pods Manifest.lock";
			outputPaths = (
				"$(DERIVED_FILE_DIR)/Pods-StudyEnglishByImage-checkManifestLockResult.txt",
			);
			runOnlyForDeploymentPostprocessing = 0;
			shellPath = /bin/sh;
			shellScript = "diff \"${PODS_PODFILE_DIR_PATH}/Podfile.lock\" \"${PODS_ROOT}/Manifest.lock\" > /dev/null\nif [ $? != 0 ] ; then\n    # print error to STDERR\n    echo \"error: The sandbox is not in sync with the Podfile.lock. Run 'pod install' or update your CocoaPods installation.\" >&2\n    exit 1\nfi\n# This output is used by Xcode 'outputs' to avoid re-running this script phase.\necho \"SUCCESS\" > \"${SCRIPT_OUTPUT_FILE_0}\"\n";
			showEnvVarsInLog = 0;
		};
		23A0DD4C9765F1FDFC7F6E52 /* [CP] Embed Pods Frameworks */ = {
			isa = PBXShellScriptBuildPhase;
			buildActionMask = 2147483647;
			files = (
			);
			inputPaths = (
				"${SRCROOT}/Pods/Target Support Files/Pods-StudyEnglishByImage/Pods-StudyEnglishByImage-frameworks.sh",
				"${BUILT_PRODUCTS_DIR}/Alamofire/Alamofire.framework",
				"${BUILT_PRODUCTS_DIR}/SwiftyJSON/SwiftyJSON.framework",
			);
			name = "[CP] Embed Pods Frameworks";
			outputPaths = (
				"${TARGET_BUILD_DIR}/${FRAMEWORKS_FOLDER_PATH}/Alamofire.framework",
				"${TARGET_BUILD_DIR}/${FRAMEWORKS_FOLDER_PATH}/SwiftyJSON.framework",
			);
			runOnlyForDeploymentPostprocessing = 0;
			shellPath = /bin/sh;
			shellScript = "\"${SRCROOT}/Pods/Target Support Files/Pods-StudyEnglishByImage/Pods-StudyEnglishByImage-frameworks.sh\"\n";
			showEnvVarsInLog = 0;
		};
		FABF91AB86769C201FF1F051 /* [CP] Copy Pods Resources */ = {
			isa = PBXShellScriptBuildPhase;
			buildActionMask = 2147483647;
			files = (
			);
			inputPaths = (
			);
			name = "[CP] Copy Pods Resources";
			outputPaths = (
			);
			runOnlyForDeploymentPostprocessing = 0;
			shellPath = /bin/sh;
			shellScript = "\"${SRCROOT}/Pods/Target Support Files/Pods-StudyEnglishByImage/Pods-StudyEnglishByImage-resources.sh\"\n";
			showEnvVarsInLog = 0;
		};
/* End PBXShellScriptBuildPhase section */

/* Begin PBXSourcesBuildPhase section */
		CF237A892209FC6900C67465 /* Sources */ = {
			isa = PBXSourcesBuildPhase;
			buildActionMask = 2147483647;
			files = (
				CF02A0DB2215DC9100215085 /* CGImagePropertyOrientation+UIImageOrientation.swift in Sources */,
				CF02A0DD2215DCC600215085 /* MobileNet.mlmodel in Sources */,
				CF237A932209FC6900C67465 /* ViewController.swift in Sources */,
				CF7464B72217099C00D4E2D8 /* UIImageLoad.swift in Sources */,
				CF237A912209FC6900C67465 /* AppDelegate.swift in Sources */,
				CF959564221319CB00203536 /* ResultViewController.swift in Sources */,
			);
			runOnlyForDeploymentPostprocessing = 0;
		};
/* End PBXSourcesBuildPhase section */

/* Begin PBXVariantGroup section */
		CF237A942209FC6900C67465 /* Main.storyboard */ = {
			isa = PBXVariantGroup;
			children = (
				CF237A952209FC6900C67465 /* Base */,
			);
			name = Main.storyboard;
			sourceTree = "<group>";
		};
		CF237A992209FC6B00C67465 /* LaunchScreen.storyboard */ = {
			isa = PBXVariantGroup;
			children = (
				CF237A9A2209FC6B00C67465 /* Base */,
			);
			name = LaunchScreen.storyboard;
			sourceTree = "<group>";
		};
/* End PBXVariantGroup section */

/* Begin XCBuildConfiguration section */
		CF237A9D2209FC6B00C67465 /* Debug */ = {
			isa = XCBuildConfiguration;
			buildSettings = {
				ALWAYS_SEARCH_USER_PATHS = NO;
				CLANG_ANALYZER_NONNULL = YES;
				CLANG_ANALYZER_NUMBER_OBJECT_CONVERSION = YES_AGGRESSIVE;
				CLANG_CXX_LANGUAGE_STANDARD = "gnu++14";
				CLANG_CXX_LIBRARY = "libc++";
				CLANG_ENABLE_MODULES = YES;
				CLANG_ENABLE_OBJC_ARC = YES;
				CLANG_ENABLE_OBJC_WEAK = YES;
				CLANG_WARN_BLOCK_CAPTURE_AUTORELEASING = YES;
				CLANG_WARN_BOOL_CONVERSION = YES;
				CLANG_WARN_COMMA = YES;
				CLANG_WARN_CONSTANT_CONVERSION = YES;
				CLANG_WARN_DEPRECATED_OBJC_IMPLEMENTATIONS = YES;
				CLANG_WARN_DIRECT_OBJC_ISA_USAGE = YES_ERROR;
				CLANG_WARN_DOCUMENTATION_COMMENTS = YES;
				CLANG_WARN_EMPTY_BODY = YES;
				CLANG_WARN_ENUM_CONVERSION = YES;
				CLANG_WARN_INFINITE_RECURSION = YES;
				CLANG_WARN_INT_CONVERSION = YES;
				CLANG_WARN_NON_LITERAL_NULL_CONVERSION = YES;
				CLANG_WARN_OBJC_IMPLICIT_RETAIN_SELF = YES;
				CLANG_WARN_OBJC_LITERAL_CONVERSION = YES;
				CLANG_WARN_OBJC_ROOT_CLASS = YES_ERROR;
				CLANG_WARN_RANGE_LOOP_ANALYSIS = YES;
				CLANG_WARN_STRICT_PROTOTYPES = YES;
				CLANG_WARN_SUSPICIOUS_MOVE = YES;
				CLANG_WARN_UNGUARDED_AVAILABILITY = YES_AGGRESSIVE;
				CLANG_WARN_UNREACHABLE_CODE = YES;
				CLANG_WARN__DUPLICATE_METHOD_MATCH = YES;
				CODE_SIGN_IDENTITY = "iPhone Developer";
				COPY_PHASE_STRIP = NO;
				DEBUG_INFORMATION_FORMAT = dwarf;
				ENABLE_STRICT_OBJC_MSGSEND = YES;
				ENABLE_TESTABILITY = YES;
				GCC_C_LANGUAGE_STANDARD = gnu11;
				GCC_DYNAMIC_NO_PIC = NO;
				GCC_NO_COMMON_BLOCKS = YES;
				GCC_OPTIMIZATION_LEVEL = 0;
				GCC_PREPROCESSOR_DEFINITIONS = (
					"DEBUG=1",
					"$(inherited)",
				);
				GCC_WARN_64_TO_32_BIT_CONVERSION = YES;
				GCC_WARN_ABOUT_RETURN_TYPE = YES_ERROR;
				GCC_WARN_UNDECLARED_SELECTOR = YES;
				GCC_WARN_UNINITIALIZED_AUTOS = YES_AGGRESSIVE;
				GCC_WARN_UNUSED_FUNCTION = YES;
				GCC_WARN_UNUSED_VARIABLE = YES;
				IPHONEOS_DEPLOYMENT_TARGET = 11.0;
				MTL_ENABLE_DEBUG_INFO = INCLUDE_SOURCE;
				MTL_FAST_MATH = YES;
				ONLY_ACTIVE_ARCH = YES;
				SDKROOT = iphoneos;
				SWIFT_ACTIVE_COMPILATION_CONDITIONS = DEBUG;
				SWIFT_OPTIMIZATION_LEVEL = "-Onone";
			};
			name = Debug;
		};
		CF237A9E2209FC6B00C67465 /* Release */ = {
			isa = XCBuildConfiguration;
			buildSettings = {
				ALWAYS_SEARCH_USER_PATHS = NO;
				CLANG_ANALYZER_NONNULL = YES;
				CLANG_ANALYZER_NUMBER_OBJECT_CONVERSION = YES_AGGRESSIVE;
				CLANG_CXX_LANGUAGE_STANDARD = "gnu++14";
				CLANG_CXX_LIBRARY = "libc++";
				CLANG_ENABLE_MODULES = YES;
				CLANG_ENABLE_OBJC_ARC = YES;
				CLANG_ENABLE_OBJC_WEAK = YES;
				CLANG_WARN_BLOCK_CAPTURE_AUTORELEASING = YES;
				CLANG_WARN_BOOL_CONVERSION = YES;
				CLANG_WARN_COMMA = YES;
				CLANG_WARN_CONSTANT_CONVERSION = YES;
				CLANG_WARN_DEPRECATED_OBJC_IMPLEMENTATIONS = YES;
				CLANG_WARN_DIRECT_OBJC_ISA_USAGE = YES_ERROR;
				CLANG_WARN_DOCUMENTATION_COMMENTS = YES;
				CLANG_WARN_EMPTY_BODY = YES;
				CLANG_WARN_ENUM_CONVERSION = YES;
				CLANG_WARN_INFINITE_RECURSION = YES;
				CLANG_WARN_INT_CONVERSION = YES;
				CLANG_WARN_NON_LITERAL_NULL_CONVERSION = YES;
				CLANG_WARN_OBJC_IMPLICIT_RETAIN_SELF = YES;
				CLANG_WARN_OBJC_LITERAL_CONVERSION = YES;
				CLANG_WARN_OBJC_ROOT_CLASS = YES_ERROR;
				CLANG_WARN_RANGE_LOOP_ANALYSIS = YES;
				CLANG_WARN_STRICT_PROTOTYPES = YES;
				CLANG_WARN_SUSPICIOUS_MOVE = YES;
				CLANG_WARN_UNGUARDED_AVAILABILITY = YES_AGGRESSIVE;
				CLANG_WARN_UNREACHABLE_CODE = YES;
				CLANG_WARN__DUPLICATE_METHOD_MATCH = YES;
				CODE_SIGN_IDENTITY = "iPhone Developer";
				COPY_PHASE_STRIP = NO;
				DEBUG_INFORMATION_FORMAT = "dwarf-with-dsym";
				ENABLE_NS_ASSERTIONS = NO;
				ENABLE_STRICT_OBJC_MSGSEND = YES;
				GCC_C_LANGUAGE_STANDARD = gnu11;
				GCC_NO_COMMON_BLOCKS = YES;
				GCC_WARN_64_TO_32_BIT_CONVERSION = YES;
				GCC_WARN_ABOUT_RETURN_TYPE = YES_ERROR;
				GCC_WARN_UNDECLARED_SELECTOR = YES;
				GCC_WARN_UNINITIALIZED_AUTOS = YES_AGGRESSIVE;
				GCC_WARN_UNUSED_FUNCTION = YES;
				GCC_WARN_UNUSED_VARIABLE = YES;
				IPHONEOS_DEPLOYMENT_TARGET = 11.0;
				MTL_ENABLE_DEBUG_INFO = NO;
				MTL_FAST_MATH = YES;
				SDKROOT = iphoneos;
				SWIFT_COMPILATION_MODE = wholemodule;
				SWIFT_OPTIMIZATION_LEVEL = "-O";
				VALIDATE_PRODUCT = YES;
			};
			name = Release;
		};
		CF237AA02209FC6B00C67465 /* Debug */ = {
			isa = XCBuildConfiguration;
			baseConfigurationReference = 360476E7636C10505057CAFC /* Pods-StudyEnglishByImage.debug.xcconfig */;
			buildSettings = {
				ASSETCATALOG_COMPILER_APPICON_NAME = AppIcon;
				CODE_SIGN_STYLE = Automatic;
				DEVELOPMENT_TEAM = B24EEZ8S3G;
				INFOPLIST_FILE = StudyEnglishByImage/Info.plist;
				IPHONEOS_DEPLOYMENT_TARGET = 11.0;
				LD_RUNPATH_SEARCH_PATHS = "$(inherited) @executable_path/Frameworks";
				PRODUCT_BUNDLE_IDENTIFIER = com.NguyenDucTai.StudyEnglishByImage;
				PRODUCT_NAME = "$(TARGET_NAME)";
				SWIFT_VERSION = 4.2;
				TARGETED_DEVICE_FAMILY = "1,2";
			};
			name = Debug;
		};
		CF237AA12209FC6B00C67465 /* Release */ = {
			isa = XCBuildConfiguration;
			baseConfigurationReference = 105FE6814950472C030EC185 /* Pods-StudyEnglishByImage.release.xcconfig */;
			buildSettings = {
				ASSETCATALOG_COMPILER_APPICON_NAME = AppIcon;
				CODE_SIGN_STYLE = Automatic;
				DEVELOPMENT_TEAM = B24EEZ8S3G;
				INFOPLIST_FILE = StudyEnglishByImage/Info.plist;
				IPHONEOS_DEPLOYMENT_TARGET = 11.0;
				LD_RUNPATH_SEARCH_PATHS = "$(inherited) @executable_path/Frameworks";
				PRODUCT_BUNDLE_IDENTIFIER = com.NguyenDucTai.StudyEnglishByImage;
				PRODUCT_NAME = "$(TARGET_NAME)";
				SWIFT_VERSION = 4.2;
				TARGETED_DEVICE_FAMILY = "1,2";
			};
			name = Release;
		};
/* End XCBuildConfiguration section */

/* Begin XCConfigurationList section */
		CF237A882209FC6900C67465 /* Build configuration list for PBXProject "StudyEnglishByImage" */ = {
			isa = XCConfigurationList;
			buildConfigurations = (
				CF237A9D2209FC6B00C67465 /* Debug */,
				CF237A9E2209FC6B00C67465 /* Release */,
			);
			defaultConfigurationIsVisible = 0;
			defaultConfigurationName = Release;
		};
		CF237A9F2209FC6B00C67465 /* Build configuration list for PBXNativeTarget "StudyEnglishByImage" */ = {
			isa = XCConfigurationList;
			buildConfigurations = (
				CF237AA02209FC6B00C67465 /* Debug */,
				CF237AA12209FC6B00C67465 /* Release */,
			);
			defaultConfigurationIsVisible = 0;
			defaultConfigurationName = Release;
		};
/* End XCConfigurationList section */
	};
	rootObject = CF237A852209FC6900C67465 /* Project object */;
}
